
Microsoft Visual Studio Solution File, Format Version 12.00
# Visual Studio Version 17
VisualStudioVersion = 17.4.33205.214
MinimumVisualStudioVersion = 10.0.40219.1
Project("{9A19103F-16F7-4668-BE54-9A1E7A4F7556}") = "OutlookCreator", "AutoEmail\OutlookCreator.csproj", "{00820231-927E-4847-81BC-02BC632C4FA0}"
EndProject
Global
	GlobalSection(SolutionConfigurationPlatforms) = preSolution
		Debug|Any CPU = Debug|Any CPU
		Release|Any CPU = Release|Any CPU
	EndGlobalSection
	GlobalSection(ProjectConfigurationPlatforms) = postSolution
		{00820231-927E-4847-81BC-02BC632C4FA0}.Debug|Any CPU.ActiveCfg = Debug|Any CPU
		{00820231-927E-4847-81BC-02BC632C4FA0}.Debug|Any CPU.Build.0 = Debug|Any CPU
		{00820231-927E-4847-81BC-02BC632C4FA0}.Release|Any CPU.ActiveCfg = Release|Any CPU
		{00820231-927E-4847-81BC-02BC632C4FA0}.Release|Any CPU.Build.0 = Release|Any CPU
	EndGlobalSection
	GlobalSection(SolutionProperties) = preSolution
		HideSolutionNode = FALSE
	EndGlobalSection
	GlobalSection(ExtensibilityGlobals) = postSolution
		SolutionGuid = {872D49FE-A866-4610-AA16-4197CE2459DC}
	EndGlobalSection
EndGlobal
